// !$*UTF8*$!
{
	archiveVersion = 1;
	classes = {
	};
	objectVersion = 56;
	objects = {

/* Begin PBXBuildFile section */
		836559FB2BFF666E00718ECC /* Favorites.xcdatamodeld in Sources */ = {isa = PBXBuildFile; fileRef = 836559F92BFF666E00718ECC /* Favorites.xcdatamodeld */; };
		836559FF2BFF672C00718ECC /* Favorites+CoreDataProperties.swift in Sources */ = {isa = PBXBuildFile; fileRef = 836559FD2BFF672C00718ECC /* Favorites+CoreDataProperties.swift */; };
		836EBB512BFCC5A90034D9CA /* Builder.swift in Sources */ = {isa = PBXBuildFile; fileRef = 836EBB502BFCC5A90034D9CA /* Builder.swift */; };
		837600FE2BFE263B0098D870 /* Extensions.swift in Sources */ = {isa = PBXBuildFile; fileRef = 837600FD2BFE263B0098D870 /* Extensions.swift */; };
		83873B552BFC7C8D004C6632 /* AppDelegate.swift in Sources */ = {isa = PBXBuildFile; fileRef = 83873B542BFC7C8D004C6632 /* AppDelegate.swift */; };
		83873B572BFC7C8D004C6632 /* SceneDelegate.swift in Sources */ = {isa = PBXBuildFile; fileRef = 83873B562BFC7C8D004C6632 /* SceneDelegate.swift */; };
		83873B592BFC7C8D004C6632 /* NewsAppTabBar.swift in Sources */ = {isa = PBXBuildFile; fileRef = 83873B582BFC7C8D004C6632 /* NewsAppTabBar.swift */; };
		83873B612BFC7C8E004C6632 /* Assets.xcassets in Resources */ = {isa = PBXBuildFile; fileRef = 83873B602BFC7C8E004C6632 /* Assets.xcassets */; };
		83873B6F2BFC7E1D004C6632 /* NewsViewController.swift in Sources */ = {isa = PBXBuildFile; fileRef = 83873B6E2BFC7E1D004C6632 /* NewsViewController.swift */; };
		83873B712BFC7E3C004C6632 /* NewsPresenter.swift in Sources */ = {isa = PBXBuildFile; fileRef = 83873B702BFC7E3C004C6632 /* NewsPresenter.swift */; };
		83873B742BFC7E4D004C6632 /* NewsModel.swift in Sources */ = {isa = PBXBuildFile; fileRef = 83873B732BFC7E4D004C6632 /* NewsModel.swift */; };
		83873B762BFC7EAE004C6632 /* FavoriteViewController.swift in Sources */ = {isa = PBXBuildFile; fileRef = 83873B752BFC7EAE004C6632 /* FavoriteViewController.swift */; };
		83873B782BFC7F96004C6632 /* FavoritePresenter.swift in Sources */ = {isa = PBXBuildFile; fileRef = 83873B772BFC7F96004C6632 /* FavoritePresenter.swift */; };
		83873B7A2BFC7F9F004C6632 /* FavoriteModel.swift in Sources */ = {isa = PBXBuildFile; fileRef = 83873B792BFC7F9F004C6632 /* FavoriteModel.swift */; };
		83873B7E2BFC8077004C6632 /* NetworkManager.swift in Sources */ = {isa = PBXBuildFile; fileRef = 83873B7D2BFC8077004C6632 /* NetworkManager.swift */; };
		83873B812BFC86AD004C6632 /* NewsCell.swift in Sources */ = {isa = PBXBuildFile; fileRef = 83873B802BFC86AD004C6632 /* NewsCell.swift */; };
		83873B832BFC8A5D004C6632 /* FavoriteCell.swift in Sources */ = {isa = PBXBuildFile; fileRef = 83873B822BFC8A5D004C6632 /* FavoriteCell.swift */; };
		83873B872BFC8BD2004C6632 /* DetailViewController.swift in Sources */ = {isa = PBXBuildFile; fileRef = 83873B862BFC8BD2004C6632 /* DetailViewController.swift */; };
		83873B892BFC8BDE004C6632 /* DetailPresenter.swift in Sources */ = {isa = PBXBuildFile; fileRef = 83873B882BFC8BDE004C6632 /* DetailPresenter.swift */; };
		83873B8B2BFC8BE8004C6632 /* DetailModel.swift in Sources */ = {isa = PBXBuildFile; fileRef = 83873B8A2BFC8BE8004C6632 /* DetailModel.swift */; };
		83E9AD192BFF4B5000939EA0 /* StorageManager.swift in Sources */ = {isa = PBXBuildFile; fileRef = 83E9AD182BFF4B5000939EA0 /* StorageManager.swift */; };
/* End PBXBuildFile section */

/* Begin PBXFileReference section */
		836559FA2BFF666E00718ECC /* Favorites.xcdatamodel */ = {isa = PBXFileReference; lastKnownFileType = wrapper.xcdatamodel; path = Favorites.xcdatamodel; sourceTree = "<group>"; };
		836559FD2BFF672C00718ECC /* Favorites+CoreDataProperties.swift */ = {isa = PBXFileReference; lastKnownFileType = sourcecode.swift; path = "Favorites+CoreDataProperties.swift"; sourceTree = "<group>"; };
		836EBB502BFCC5A90034D9CA /* Builder.swift */ = {isa = PBXFileReference; lastKnownFileType = sourcecode.swift; path = Builder.swift; sourceTree = "<group>"; };
		837600FD2BFE263B0098D870 /* Extensions.swift */ = {isa = PBXFileReference; lastKnownFileType = sourcecode.swift; path = Extensions.swift; sourceTree = "<group>"; };
		83873B512BFC7C8D004C6632 /* NewsApp.app */ = {isa = PBXFileReference; explicitFileType = wrapper.application; includeInIndex = 0; path = NewsApp.app; sourceTree = BUILT_PRODUCTS_DIR; };
		83873B542BFC7C8D004C6632 /* AppDelegate.swift */ = {isa = PBXFileReference; lastKnownFileType = sourcecode.swift; path = AppDelegate.swift; sourceTree = "<group>"; };
		83873B562BFC7C8D004C6632 /* SceneDelegate.swift */ = {isa = PBXFileReference; lastKnownFileType = sourcecode.swift; path = SceneDelegate.swift; sourceTree = "<group>"; };
		83873B582BFC7C8D004C6632 /* NewsAppTabBar.swift */ = {isa = PBXFileReference; lastKnownFileType = sourcecode.swift; path = NewsAppTabBar.swift; sourceTree = "<group>"; };
		83873B602BFC7C8E004C6632 /* Assets.xcassets */ = {isa = PBXFileReference; lastKnownFileType = folder.assetcatalog; path = Assets.xcassets; sourceTree = "<group>"; };
		83873B652BFC7C8E004C6632 /* Info.plist */ = {isa = PBXFileReference; lastKnownFileType = text.plist.xml; path = Info.plist; sourceTree = "<group>"; };
		83873B6E2BFC7E1D004C6632 /* NewsViewController.swift */ = {isa = PBXFileReference; lastKnownFileType = sourcecode.swift; path = NewsViewController.swift; sourceTree = "<group>"; };
		83873B702BFC7E3C004C6632 /* NewsPresenter.swift */ = {isa = PBXFileReference; lastKnownFileType = sourcecode.swift; path = NewsPresenter.swift; sourceTree = "<group>"; };
		83873B732BFC7E4D004C6632 /* NewsModel.swift */ = {isa = PBXFileReference; lastKnownFileType = sourcecode.swift; path = NewsModel.swift; sourceTree = "<group>"; };
		83873B752BFC7EAE004C6632 /* FavoriteViewController.swift */ = {isa = PBXFileReference; lastKnownFileType = sourcecode.swift; path = FavoriteViewController.swift; sourceTree = "<group>"; };
		83873B772BFC7F96004C6632 /* FavoritePresenter.swift */ = {isa = PBXFileReference; lastKnownFileType = sourcecode.swift; path = FavoritePresenter.swift; sourceTree = "<group>"; };
		83873B792BFC7F9F004C6632 /* FavoriteModel.swift */ = {isa = PBXFileReference; lastKnownFileType = sourcecode.swift; path = FavoriteModel.swift; sourceTree = "<group>"; };
		83873B7D2BFC8077004C6632 /* NetworkManager.swift */ = {isa = PBXFileReference; lastKnownFileType = sourcecode.swift; path = NetworkManager.swift; sourceTree = "<group>"; };
		83873B802BFC86AD004C6632 /* NewsCell.swift */ = {isa = PBXFileReference; lastKnownFileType = sourcecode.swift; path = NewsCell.swift; sourceTree = "<group>"; };
		83873B822BFC8A5D004C6632 /* FavoriteCell.swift */ = {isa = PBXFileReference; lastKnownFileType = sourcecode.swift; path = FavoriteCell.swift; sourceTree = "<group>"; };
		83873B862BFC8BD2004C6632 /* DetailViewController.swift */ = {isa = PBXFileReference; lastKnownFileType = sourcecode.swift; path = DetailViewController.swift; sourceTree = "<group>"; };
		83873B882BFC8BDE004C6632 /* DetailPresenter.swift */ = {isa = PBXFileReference; lastKnownFileType = sourcecode.swift; path = DetailPresenter.swift; sourceTree = "<group>"; };
		83873B8A2BFC8BE8004C6632 /* DetailModel.swift */ = {isa = PBXFileReference; lastKnownFileType = sourcecode.swift; path = DetailModel.swift; sourceTree = "<group>"; };
		83E9AD182BFF4B5000939EA0 /* StorageManager.swift */ = {isa = PBXFileReference; lastKnownFileType = sourcecode.swift; path = StorageManager.swift; sourceTree = "<group>"; };
/* End PBXFileReference section */

/* Begin PBXFrameworksBuildPhase section */
		83873B4E2BFC7C8D004C6632 /* Frameworks */ = {
			isa = PBXFrameworksBuildPhase;
			buildActionMask = 2147483647;
			files = (
			);
			runOnlyForDeploymentPostprocessing = 0;
		};
/* End PBXFrameworksBuildPhase section */

/* Begin PBXGroup section */
		836EBB522BFCC5AE0034D9CA /* Builder */ = {
			isa = PBXGroup;
			children = (
				836EBB502BFCC5A90034D9CA /* Builder.swift */,
			);
			path = Builder;
			sourceTree = "<group>";
		};
		837600FC2BFE26280098D870 /* Extensions */ = {
			isa = PBXGroup;
			children = (
				837600FD2BFE263B0098D870 /* Extensions.swift */,
			);
			path = Extensions;
			sourceTree = "<group>";
		};
		83873B482BFC7C8D004C6632 = {
			isa = PBXGroup;
			children = (
				83873B532BFC7C8D004C6632 /* NewsApp */,
				83873B522BFC7C8D004C6632 /* Products */,
			);
			sourceTree = "<group>";
		};
		83873B522BFC7C8D004C6632 /* Products */ = {
			isa = PBXGroup;
			children = (
				83873B512BFC7C8D004C6632 /* NewsApp.app */,
			);
			name = Products;
			sourceTree = "<group>";
		};
		83873B532BFC7C8D004C6632 /* NewsApp */ = {
			isa = PBXGroup;
			children = (
				83E9AD132BFF479900939EA0 /* Storage */,
				837600FC2BFE26280098D870 /* Extensions */,
				836EBB522BFCC5AE0034D9CA /* Builder */,
				83873B7C2BFC8062004C6632 /* Network */,
				83873B852BFC8BB8004C6632 /* Detail */,
				83873B6C2BFC7DF8004C6632 /* News */,
				83873B6D2BFC7E06004C6632 /* Favorite */,
				83873B542BFC7C8D004C6632 /* AppDelegate.swift */,
				83873B562BFC7C8D004C6632 /* SceneDelegate.swift */,
				83873B7B2BFC7FE3004C6632 /* NewsAppTabBar */,
				83873B602BFC7C8E004C6632 /* Assets.xcassets */,
				83873B652BFC7C8E004C6632 /* Info.plist */,
			);
			path = NewsApp;
			sourceTree = "<group>";
		};
		83873B6C2BFC7DF8004C6632 /* News */ = {
			isa = PBXGroup;
			children = (
				83873B7F2BFC869D004C6632 /* NewsCell */,
				83873B6E2BFC7E1D004C6632 /* NewsViewController.swift */,
				83873B702BFC7E3C004C6632 /* NewsPresenter.swift */,
				83873B732BFC7E4D004C6632 /* NewsModel.swift */,
			);
			path = News;
			sourceTree = "<group>";
		};
		83873B6D2BFC7E06004C6632 /* Favorite */ = {
			isa = PBXGroup;
			children = (
				83873B842BFC8A77004C6632 /* FavoriteCell */,
				83873B752BFC7EAE004C6632 /* FavoriteViewController.swift */,
				83873B772BFC7F96004C6632 /* FavoritePresenter.swift */,
				83873B792BFC7F9F004C6632 /* FavoriteModel.swift */,
			);
			path = Favorite;
			sourceTree = "<group>";
		};
		83873B7B2BFC7FE3004C6632 /* NewsAppTabBar */ = {
			isa = PBXGroup;
			children = (
				83873B582BFC7C8D004C6632 /* NewsAppTabBar.swift */,
			);
			path = NewsAppTabBar;
			sourceTree = "<group>";
		};
		83873B7C2BFC8062004C6632 /* Network */ = {
			isa = PBXGroup;
			children = (
				83873B7D2BFC8077004C6632 /* NetworkManager.swift */,
			);
			path = Network;
			sourceTree = "<group>";
		};
		83873B7F2BFC869D004C6632 /* NewsCell */ = {
			isa = PBXGroup;
			children = (
				83873B802BFC86AD004C6632 /* NewsCell.swift */,
			);
			path = NewsCell;
			sourceTree = "<group>";
		};
		83873B842BFC8A77004C6632 /* FavoriteCell */ = {
			isa = PBXGroup;
			children = (
				83873B822BFC8A5D004C6632 /* FavoriteCell.swift */,
			);
			path = FavoriteCell;
			sourceTree = "<group>";
		};
		83873B852BFC8BB8004C6632 /* Detail */ = {
			isa = PBXGroup;
			children = (
				83873B862BFC8BD2004C6632 /* DetailViewController.swift */,
				83873B882BFC8BDE004C6632 /* DetailPresenter.swift */,
				83873B8A2BFC8BE8004C6632 /* DetailModel.swift */,
			);
			path = Detail;
			sourceTree = "<group>";
		};
		83E9AD132BFF479900939EA0 /* Storage */ = {
			isa = PBXGroup;
			children = (
				836559FD2BFF672C00718ECC /* Favorites+CoreDataProperties.swift */,
				83E9AD182BFF4B5000939EA0 /* StorageManager.swift */,
				836559F92BFF666E00718ECC /* Favorites.xcdatamodeld */,
			);
			path = Storage;
			sourceTree = "<group>";
		};
/* End PBXGroup section */

/* Begin PBXNativeTarget section */
		83873B502BFC7C8D004C6632 /* NewsApp */ = {
			isa = PBXNativeTarget;
			buildConfigurationList = 83873B682BFC7C8E004C6632 /* Build configuration list for PBXNativeTarget "NewsApp" */;
			buildPhases = (
				83873B4D2BFC7C8D004C6632 /* Sources */,
				83873B4E2BFC7C8D004C6632 /* Frameworks */,
				83873B4F2BFC7C8D004C6632 /* Resources */,
			);
			buildRules = (
			);
			dependencies = (
			);
			name = NewsApp;
			productName = NewsApp;
			productReference = 83873B512BFC7C8D004C6632 /* NewsApp.app */;
			productType = "com.apple.product-type.application";
		};
/* End PBXNativeTarget section */

/* Begin PBXProject section */
		83873B492BFC7C8D004C6632 /* Project object */ = {
			isa = PBXProject;
			attributes = {
				BuildIndependentTargetsInParallel = 1;
				LastSwiftUpdateCheck = 1520;
				LastUpgradeCheck = 1520;
				TargetAttributes = {
					83873B502BFC7C8D004C6632 = {
						CreatedOnToolsVersion = 15.2;
					};
				};
			};
			buildConfigurationList = 83873B4C2BFC7C8D004C6632 /* Build configuration list for PBXProject "NewsApp" */;
			compatibilityVersion = "Xcode 14.0";
			developmentRegion = en;
			hasScannedForEncodings = 0;
			knownRegions = (
				en,
				Base,
			);
			mainGroup = 83873B482BFC7C8D004C6632;
			productRefGroup = 83873B522BFC7C8D004C6632 /* Products */;
			projectDirPath = "";
			projectRoot = "";
			targets = (
				83873B502BFC7C8D004C6632 /* NewsApp */,
			);
		};
/* End PBXProject section */

/* Begin PBXResourcesBuildPhase section */
		83873B4F2BFC7C8D004C6632 /* Resources */ = {
			isa = PBXResourcesBuildPhase;
			buildActionMask = 2147483647;
			files = (
				83873B612BFC7C8E004C6632 /* Assets.xcassets in Resources */,
			);
			runOnlyForDeploymentPostprocessing = 0;
		};
/* End PBXResourcesBuildPhase section */

/* Begin PBXSourcesBuildPhase section */
		83873B4D2BFC7C8D004C6632 /* Sources */ = {
			isa = PBXSourcesBuildPhase;
			buildActionMask = 2147483647;
			files = (
				83873B8B2BFC8BE8004C6632 /* DetailModel.swift in Sources */,
				837600FE2BFE263B0098D870 /* Extensions.swift in Sources */,
				83873B832BFC8A5D004C6632 /* FavoriteCell.swift in Sources */,
				83E9AD192BFF4B5000939EA0 /* StorageManager.swift in Sources */,
				83873B742BFC7E4D004C6632 /* NewsModel.swift in Sources */,
				836559FB2BFF666E00718ECC /* Favorites.xcdatamodeld in Sources */,
				83873B7A2BFC7F9F004C6632 /* FavoriteModel.swift in Sources */,
				83873B592BFC7C8D004C6632 /* NewsAppTabBar.swift in Sources */,
				83873B552BFC7C8D004C6632 /* AppDelegate.swift in Sources */,
				83873B7E2BFC8077004C6632 /* NetworkManager.swift in Sources */,
				836559FF2BFF672C00718ECC /* Favorites+CoreDataProperties.swift in Sources */,
				836EBB512BFCC5A90034D9CA /* Builder.swift in Sources */,
				83873B6F2BFC7E1D004C6632 /* NewsViewController.swift in Sources */,
				83873B712BFC7E3C004C6632 /* NewsPresenter.swift in Sources */,
				83873B892BFC8BDE004C6632 /* DetailPresenter.swift in Sources */,
				83873B782BFC7F96004C6632 /* FavoritePresenter.swift in Sources */,
				83873B572BFC7C8D004C6632 /* SceneDelegate.swift in Sources */,
				83873B812BFC86AD004C6632 /* NewsCell.swift in Sources */,
				83873B762BFC7EAE004C6632 /* FavoriteViewController.swift in Sources */,
				83873B872BFC8BD2004C6632 /* DetailViewController.swift in Sources */,
			);
			runOnlyForDeploymentPostprocessing = 0;
		};
/* End PBXSourcesBuildPhase section */

/* Begin XCBuildConfiguration section */
		83873B662BFC7C8E004C6632 /* Debug */ = {
			isa = XCBuildConfiguration;
			buildSettings = {
				ALWAYS_SEARCH_USER_PATHS = NO;
				ASSETCATALOG_COMPILER_GENERATE_SWIFT_ASSET_SYMBOL_EXTENSIONS = YES;
				CLANG_ANALYZER_NONNULL = YES;
				CLANG_ANALYZER_NUMBER_OBJECT_CONVERSION = YES_AGGRESSIVE;
				CLANG_CXX_LANGUAGE_STANDARD = "gnu++20";
				CLANG_ENABLE_MODULES = YES;
				CLANG_ENABLE_OBJC_ARC = YES;
				CLANG_ENABLE_OBJC_WEAK = YES;
				CLANG_WARN_BLOCK_CAPTURE_AUTORELEASING = YES;
				CLANG_WARN_BOOL_CONVERSION = YES;
				CLANG_WARN_COMMA = YES;
				CLANG_WARN_CONSTANT_CONVERSION = YES;
				CLANG_WARN_DEPRECATED_OBJC_IMPLEMENTATIONS = YES;
				CLANG_WARN_DIRECT_OBJC_ISA_USAGE = YES_ERROR;
				CLANG_WARN_DOCUMENTATION_COMMENTS = YES;
				CLANG_WARN_EMPTY_BODY = YES;
				CLANG_WARN_ENUM_CONVERSION = YES;
				CLANG_WARN_INFINITE_RECURSION = YES;
				CLANG_WARN_INT_CONVERSION = YES;
				CLANG_WARN_NON_LITERAL_NULL_CONVERSION = YES;
				CLANG_WARN_OBJC_IMPLICIT_RETAIN_SELF = YES;
				CLANG_WARN_OBJC_LITERAL_CONVERSION = YES;
				CLANG_WARN_OBJC_ROOT_CLASS = YES_ERROR;
				CLANG_WARN_QUOTED_INCLUDE_IN_FRAMEWORK_HEADER = YES;
				CLANG_WARN_RANGE_LOOP_ANALYSIS = YES;
				CLANG_WARN_STRICT_PROTOTYPES = YES;
				CLANG_WARN_SUSPICIOUS_MOVE = YES;
				CLANG_WARN_UNGUARDED_AVAILABILITY = YES_AGGRESSIVE;
				CLANG_WARN_UNREACHABLE_CODE = YES;
				CLANG_WARN__DUPLICATE_METHOD_MATCH = YES;
				COPY_PHASE_STRIP = NO;
				DEBUG_INFORMATION_FORMAT = dwarf;
				ENABLE_STRICT_OBJC_MSGSEND = YES;
				ENABLE_TESTABILITY = YES;
				ENABLE_USER_SCRIPT_SANDBOXING = YES;
				GCC_C_LANGUAGE_STANDARD = gnu17;
				GCC_DYNAMIC_NO_PIC = NO;
				GCC_NO_COMMON_BLOCKS = YES;
				GCC_OPTIMIZATION_LEVEL = 0;
				GCC_PREPROCESSOR_DEFINITIONS = (
					"DEBUG=1",
					"$(inherited)",
				);
				GCC_WARN_64_TO_32_BIT_CONVERSION = YES;
				GCC_WARN_ABOUT_RETURN_TYPE = YES_ERROR;
				GCC_WARN_UNDECLARED_SELECTOR = YES;
				GCC_WARN_UNINITIALIZED_AUTOS = YES_AGGRESSIVE;
				GCC_WARN_UNUSED_FUNCTION = YES;
				GCC_WARN_UNUSED_VARIABLE = YES;
				IPHONEOS_DEPLOYMENT_TARGET = 17.2;
				LOCALIZATION_PREFERS_STRING_CATALOGS = YES;
				MTL_ENABLE_DEBUG_INFO = INCLUDE_SOURCE;
				MTL_FAST_MATH = YES;
				ONLY_ACTIVE_ARCH = YES;
				SDKROOT = iphoneos;
				SWIFT_ACTIVE_COMPILATION_CONDITIONS = "DEBUG $(inherited)";
				SWIFT_OPTIMIZATION_LEVEL = "-Onone";
			};
			name = Debug;
		};
		83873B672BFC7C8E004C6632 /* Release */ = {
			isa = XCBuildConfiguration;
			buildSettings = {
				ALWAYS_SEARCH_USER_PATHS = NO;
				ASSETCATALOG_COMPILER_GENERATE_SWIFT_ASSET_SYMBOL_EXTENSIONS = YES;
				CLANG_ANALYZER_NONNULL = YES;
				CLANG_ANALYZER_NUMBER_OBJECT_CONVERSION = YES_AGGRESSIVE;
				CLANG_CXX_LANGUAGE_STANDARD = "gnu++20";
				CLANG_ENABLE_MODULES = YES;
				CLANG_ENABLE_OBJC_ARC = YES;
				CLANG_ENABLE_OBJC_WEAK = YES;
				CLANG_WARN_BLOCK_CAPTURE_AUTORELEASING = YES;
				CLANG_WARN_BOOL_CONVERSION = YES;
				CLANG_WARN_COMMA = YES;
				CLANG_WARN_CONSTANT_CONVERSION = YES;
				CLANG_WARN_DEPRECATED_OBJC_IMPLEMENTATIONS = YES;
				CLANG_WARN_DIRECT_OBJC_ISA_USAGE = YES_ERROR;
				CLANG_WARN_DOCUMENTATION_COMMENTS = YES;
				CLANG_WARN_EMPTY_BODY = YES;
				CLANG_WARN_ENUM_CONVERSION = YES;
				CLANG_WARN_INFINITE_RECURSION = YES;
				CLANG_WARN_INT_CONVERSION = YES;
				CLANG_WARN_NON_LITERAL_NULL_CONVERSION = YES;
				CLANG_WARN_OBJC_IMPLICIT_RETAIN_SELF = YES;
				CLANG_WARN_OBJC_LITERAL_CONVERSION = YES;
				CLANG_WARN_OBJC_ROOT_CLASS = YES_ERROR;
				CLANG_WARN_QUOTED_INCLUDE_IN_FRAMEWORK_HEADER = YES;
				CLANG_WARN_RANGE_LOOP_ANALYSIS = YES;
				CLANG_WARN_STRICT_PROTOTYPES = YES;
				CLANG_WARN_SUSPICIOUS_MOVE = YES;
				CLANG_WARN_UNGUARDED_AVAILABILITY = YES_AGGRESSIVE;
				CLANG_WARN_UNREACHABLE_CODE = YES;
				CLANG_WARN__DUPLICATE_METHOD_MATCH = YES;
				COPY_PHASE_STRIP = NO;
				DEBUG_INFORMATION_FORMAT = "dwarf-with-dsym";
				ENABLE_NS_ASSERTIONS = NO;
				ENABLE_STRICT_OBJC_MSGSEND = YES;
				ENABLE_USER_SCRIPT_SANDBOXING = YES;
				GCC_C_LANGUAGE_STANDARD = gnu17;
				GCC_NO_COMMON_BLOCKS = YES;
				GCC_WARN_64_TO_32_BIT_CONVERSION = YES;
				GCC_WARN_ABOUT_RETURN_TYPE = YES_ERROR;
				GCC_WARN_UNDECLARED_SELECTOR = YES;
				GCC_WARN_UNINITIALIZED_AUTOS = YES_AGGRESSIVE;
				GCC_WARN_UNUSED_FUNCTION = YES;
				GCC_WARN_UNUSED_VARIABLE = YES;
				IPHONEOS_DEPLOYMENT_TARGET = 17.2;
				LOCALIZATION_PREFERS_STRING_CATALOGS = YES;
				MTL_ENABLE_DEBUG_INFO = NO;
				MTL_FAST_MATH = YES;
				SDKROOT = iphoneos;
				SWIFT_COMPILATION_MODE = wholemodule;
				VALIDATE_PRODUCT = YES;
			};
			name = Release;
		};
		83873B692BFC7C8E004C6632 /* Debug */ = {
			isa = XCBuildConfiguration;
			buildSettings = {
				ASSETCATALOG_COMPILER_APPICON_NAME = AppIcon;
				ASSETCATALOG_COMPILER_GLOBAL_ACCENT_COLOR_NAME = AccentColor;
				CODE_SIGN_STYLE = Automatic;
				CURRENT_PROJECT_VERSION = 1;
				DEVELOPMENT_TEAM = 56NB3JKLU5;
				GENERATE_INFOPLIST_FILE = YES;
				INFOPLIST_FILE = NewsApp/Info.plist;
				INFOPLIST_KEY_UIApplicationSupportsIndirectInputEvents = YES;
				INFOPLIST_KEY_UILaunchStoryboardName = LaunchScreen;
				INFOPLIST_KEY_UISupportedInterfaceOrientations_iPad = "UIInterfaceOrientationPortrait UIInterfaceOrientationPortraitUpsideDown UIInterfaceOrientationLandscapeLeft UIInterfaceOrientationLandscapeRight";
				INFOPLIST_KEY_UISupportedInterfaceOrientations_iPhone = "UIInterfaceOrientationPortrait UIInterfaceOrientationLandscapeLeft UIInterfaceOrientationLandscapeRight";
				LD_RUNPATH_SEARCH_PATHS = (
					"$(inherited)",
					"@executable_path/Frameworks",
				);
				MARKETING_VERSION = 1.0;
				PRODUCT_BUNDLE_IDENTIFIER = danil.NewsApp;
				PRODUCT_NAME = "$(TARGET_NAME)";
				SWIFT_EMIT_LOC_STRINGS = YES;
				SWIFT_VERSION = 5.0;
				TARGETED_DEVICE_FAMILY = "1,2";
			};
			name = Debug;
		};
		83873B6A2BFC7C8E004C6632 /* Release */ = {
			isa = XCBuildConfiguration;
			buildSettings = {
				ASSETCATALOG_COMPILER_APPICON_NAME = AppIcon;
				ASSETCATALOG_COMPILER_GLOBAL_ACCENT_COLOR_NAME = AccentColor;
				CODE_SIGN_STYLE = Automatic;
				CURRENT_PROJECT_VERSION = 1;
				DEVELOPMENT_TEAM = 56NB3JKLU5;
				GENERATE_INFOPLIST_FILE = YES;
				INFOPLIST_FILE = NewsApp/Info.plist;
				INFOPLIST_KEY_UIApplicationSupportsIndirectInputEvents = YES;
				INFOPLIST_KEY_UILaunchStoryboardName = LaunchScreen;
				INFOPLIST_KEY_UISupportedInterfaceOrientations_iPad = "UIInterfaceOrientationPortrait UIInterfaceOrientationPortraitUpsideDown UIInterfaceOrientationLandscapeLeft UIInterfaceOrientationLandscapeRight";
				INFOPLIST_KEY_UISupportedInterfaceOrientations_iPhone = "UIInterfaceOrientationPortrait UIInterfaceOrientationLandscapeLeft UIInterfaceOrientationLandscapeRight";
				LD_RUNPATH_SEARCH_PATHS = (
					"$(inherited)",
					"@executable_path/Frameworks",
				);
				MARKETING_VERSION = 1.0;
				PRODUCT_BUNDLE_IDENTIFIER = danil.NewsApp;
				PRODUCT_NAME = "$(TARGET_NAME)";
				SWIFT_EMIT_LOC_STRINGS = YES;
				SWIFT_VERSION = 5.0;
				TARGETED_DEVICE_FAMILY = "1,2";
			};
			name = Release;
		};
/* End XCBuildConfiguration section */

/* Begin XCConfigurationList section */
		83873B4C2BFC7C8D004C6632 /* Build configuration list for PBXProject "NewsApp" */ = {
			isa = XCConfigurationList;
			buildConfigurations = (
				83873B662BFC7C8E004C6632 /* Debug */,
				83873B672BFC7C8E004C6632 /* Release */,
			);
			defaultConfigurationIsVisible = 0;
			defaultConfigurationName = Release;
		};
		83873B682BFC7C8E004C6632 /* Build configuration list for PBXNativeTarget "NewsApp" */ = {
			isa = XCConfigurationList;
			buildConfigurations = (
				83873B692BFC7C8E004C6632 /* Debug */,
				83873B6A2BFC7C8E004C6632 /* Release */,
			);
			defaultConfigurationIsVisible = 0;
			defaultConfigurationName = Release;
		};
/* End XCConfigurationList section */

/* Begin XCVersionGroup section */
		836559F92BFF666E00718ECC /* Favorites.xcdatamodeld */ = {
			isa = XCVersionGroup;
			children = (
				836559FA2BFF666E00718ECC /* Favorites.xcdatamodel */,
			);
			currentVersion = 836559FA2BFF666E00718ECC /* Favorites.xcdatamodel */;
			path = Favorites.xcdatamodeld;
			sourceTree = "<group>";
			versionGroupType = wrapper.xcdatamodel;
		};
/* End XCVersionGroup section */
	};
	rootObject = 83873B492BFC7C8D004C6632 /* Project object */;
}
